
Microsoft Visual Studio Solution File, Format Version 12.00
# Visual Studio Version 17
VisualStudioVersion = 17.1.31911.260
MinimumVisualStudioVersion = 10.0.40219.1
Project("{FAE04EC0-301F-11D3-BF4B-00C04F79EFBC}") = "RolgordijnApp.Android", "RolgordijnApp\RolgordijnApp.Android\RolgordijnApp.Android.csproj", "{C7E6FC2F-5DF7-4952-B92A-12A7BEBCD1D0}"
EndProject
Project("{FAE04EC0-301F-11D3-BF4B-00C04F79EFBC}") = "RolgordijnApp", "RolgordijnApp\RolgordijnApp\RolgordijnApp.csproj", "{B115594D-3928-475F-91F7-A50BD3A7E6DF}"
EndProject
Global
	GlobalSection(SolutionConfigurationPlatforms) = preSolution
		Debug|Any CPU = Debug|Any CPU
		Release|Any CPU = Release|Any CPU
	EndGlobalSection
	GlobalSection(ProjectConfigurationPlatforms) = postSolution
		{C7E6FC2F-5DF7-4952-B92A-12A7BEBCD1D0}.Debug|Any CPU.ActiveCfg = Debug|Any CPU
		{C7E6FC2F-5DF7-4952-B92A-12A7BEBCD1D0}.Debug|Any CPU.Build.0 = Debug|Any CPU
		{C7E6FC2F-5DF7-4952-B92A-12A7BEBCD1D0}.Debug|Any CPU.Deploy.0 = Debug|Any CPU
		{C7E6FC2F-5DF7-4952-B92A-12A7BEBCD1D0}.Release|Any CPU.ActiveCfg = Release|Any CPU
		{C7E6FC2F-5DF7-4952-B92A-12A7BEBCD1D0}.Release|Any CPU.Build.0 = Release|Any CPU
		{C7E6FC2F-5DF7-4952-B92A-12A7BEBCD1D0}.Release|Any CPU.Deploy.0 = Release|Any CPU
		{B115594D-3928-475F-91F7-A50BD3A7E6DF}.Debug|Any CPU.ActiveCfg = Debug|Any CPU
		{B115594D-3928-475F-91F7-A50BD3A7E6DF}.Debug|Any CPU.Build.0 = Debug|Any CPU
		{B115594D-3928-475F-91F7-A50BD3A7E6DF}.Debug|Any CPU.Deploy.0 = Debug|Any CPU
		{B115594D-3928-475F-91F7-A50BD3A7E6DF}.Release|Any CPU.ActiveCfg = Release|Any CPU
		{B115594D-3928-475F-91F7-A50BD3A7E6DF}.Release|Any CPU.Build.0 = Release|Any CPU
		{B115594D-3928-475F-91F7-A50BD3A7E6DF}.Release|Any CPU.Deploy.0 = Release|Any CPU
	EndGlobalSection
	GlobalSection(SolutionProperties) = preSolution
		HideSolutionNode = FALSE
	EndGlobalSection
	GlobalSection(ExtensibilityGlobals) = postSolution
		SolutionGuid = {BF324946-D171-451F-A32B-1A0579E3FF24}
	EndGlobalSection
EndGlobal
